
Microsoft Visual Studio Solution File, Format Version 12.00
# Visual Studio Version 17
VisualStudioVersion = 17.4.33103.184
MinimumVisualStudioVersion = 10.0.40219.1
Project("{FAE04EC0-301F-11D3-BF4B-00C04F79EFBC}") = "EmpireHomes_BE", "EmpireHomes_BE\EmpireHomes_BE.csproj", "{EC9969C4-6958-4772-8465-57472F65A996}"
EndProject
Global
	GlobalSection(SolutionConfigurationPlatforms) = preSolution
		Debug|Any CPU = Debug|Any CPU
		Release|Any CPU = Release|Any CPU
	EndGlobalSection
	GlobalSection(ProjectConfigurationPlatforms) = postSolution
		{EC9969C4-6958-4772-8465-57472F65A996}.Debug|Any CPU.ActiveCfg = Debug|Any CPU
		{EC9969C4-6958-4772-8465-57472F65A996}.Debug|Any CPU.Build.0 = Debug|Any CPU
		{EC9969C4-6958-4772-8465-57472F65A996}.Release|Any CPU.ActiveCfg = Release|Any CPU
		{EC9969C4-6958-4772-8465-57472F65A996}.Release|Any CPU.Build.0 = Release|Any CPU
	EndGlobalSection
	GlobalSection(SolutionProperties) = preSolution
		HideSolutionNode = FALSE
	EndGlobalSection
	GlobalSection(ExtensibilityGlobals) = postSolution
		SolutionGuid = {0E6F0A79-D0D7-4DB7-88E9-FEECB2939B32}
	EndGlobalSection
EndGlobal
